// !$*UTF8*$!
{
	archiveVersion = 1;
	classes = {
	};
	objectVersion = 77;
	objects = {

/* Begin PBXBuildFile section */
		062AA4092DD88F04008BD7A0 /* Routard in Frameworks */ = {isa = PBXBuildFile; productRef = 062AA4082DD88F04008BD7A0 /* Routard */; };
		062AA40D2DD88FDF008BD7A0 /* HomeFeature in Frameworks */ = {isa = PBXBuildFile; productRef = 062AA40C2DD88FDF008BD7A0 /* HomeFeature */; };
		062AA4102DD89020008BD7A0 /* DetailsFeature in Frameworks */ = {isa = PBXBuildFile; productRef = 062AA40F2DD89020008BD7A0 /* DetailsFeature */; };
		062AA4132DD89056008BD7A0 /* SettingsFeature in Frameworks */ = {isa = PBXBuildFile; productRef = 062AA4122DD89056008BD7A0 /* SettingsFeature */; };
		062AA4162DD89079008BD7A0 /* SplashScreenFeature in Frameworks */ = {isa = PBXBuildFile; productRef = 062AA4152DD89079008BD7A0 /* SplashScreenFeature */; };
		062AA4192DD890B5008BD7A0 /* TabFeature in Frameworks */ = {isa = PBXBuildFile; productRef = 062AA4182DD890B5008BD7A0 /* TabFeature */; };
		062AA41C2DD892D8008BD7A0 /* AppFeature in Frameworks */ = {isa = PBXBuildFile; productRef = 062AA41B2DD892D8008BD7A0 /* AppFeature */; };
/* End PBXBuildFile section */

/* Begin PBXContainerItemProxy section */
		062AA3212DD87E18008BD7A0 /* PBXContainerItemProxy */ = {
			isa = PBXContainerItemProxy;
			containerPortal = 062AA30A2DD87E16008BD7A0 /* Project object */;
			proxyType = 1;
			remoteGlobalIDString = 062AA3112DD87E16008BD7A0;
			remoteInfo = RoutardDemo;
		};
		062AA32B2DD87E18008BD7A0 /* PBXContainerItemProxy */ = {
			isa = PBXContainerItemProxy;
			containerPortal = 062AA30A2DD87E16008BD7A0 /* Project object */;
			proxyType = 1;
			remoteGlobalIDString = 062AA3112DD87E16008BD7A0;
			remoteInfo = RoutardDemo;
		};
/* End PBXContainerItemProxy section */

/* Begin PBXFileReference section */
		062AA3122DD87E16008BD7A0 /* RoutardDemo.app */ = {isa = PBXFileReference; explicitFileType = wrapper.application; includeInIndex = 0; path = RoutardDemo.app; sourceTree = BUILT_PRODUCTS_DIR; };
		062AA3202DD87E18008BD7A0 /* RoutardDemoTests.xctest */ = {isa = PBXFileReference; explicitFileType = wrapper.cfbundle; includeInIndex = 0; path = RoutardDemoTests.xctest; sourceTree = BUILT_PRODUCTS_DIR; };
		062AA32A2DD87E18008BD7A0 /* RoutardDemoUITests.xctest */ = {isa = PBXFileReference; explicitFileType = wrapper.cfbundle; includeInIndex = 0; path = RoutardDemoUITests.xctest; sourceTree = BUILT_PRODUCTS_DIR; };
/* End PBXFileReference section */

/* Begin PBXFileSystemSynchronizedRootGroup section */
		062AA3142DD87E16008BD7A0 /* RoutardDemo */ = {
			isa = PBXFileSystemSynchronizedRootGroup;
			path = RoutardDemo;
			sourceTree = "<group>";
		};
		062AA3232DD87E18008BD7A0 /* RoutardDemoTests */ = {
			isa = PBXFileSystemSynchronizedRootGroup;
			path = RoutardDemoTests;
			sourceTree = "<group>";
		};
		062AA32D2DD87E18008BD7A0 /* RoutardDemoUITests */ = {
			isa = PBXFileSystemSynchronizedRootGroup;
			path = RoutardDemoUITests;
			sourceTree = "<group>";
		};
/* End PBXFileSystemSynchronizedRootGroup section */

/* Begin PBXFrameworksBuildPhase section */
		062AA30F2DD87E16008BD7A0 /* Frameworks */ = {
			isa = PBXFrameworksBuildPhase;
			buildActionMask = 2147483647;
			files = (
				062AA4132DD89056008BD7A0 /* SettingsFeature in Frameworks */,
				062AA41C2DD892D8008BD7A0 /* AppFeature in Frameworks */,
				062AA4102DD89020008BD7A0 /* DetailsFeature in Frameworks */,
				062AA40D2DD88FDF008BD7A0 /* HomeFeature in Frameworks */,
				062AA4192DD890B5008BD7A0 /* TabFeature in Frameworks */,
				062AA4092DD88F04008BD7A0 /* Routard in Frameworks */,
				062AA4162DD89079008BD7A0 /* SplashScreenFeature in Frameworks */,
			);
			runOnlyForDeploymentPostprocessing = 0;
		};
		062AA31D2DD87E18008BD7A0 /* Frameworks */ = {
			isa = PBXFrameworksBuildPhase;
			buildActionMask = 2147483647;
			files = (
			);
			runOnlyForDeploymentPostprocessing = 0;
		};
		062AA3272DD87E18008BD7A0 /* Frameworks */ = {
			isa = PBXFrameworksBuildPhase;
			buildActionMask = 2147483647;
			files = (
			);
			runOnlyForDeploymentPostprocessing = 0;
		};
/* End PBXFrameworksBuildPhase section */

/* Begin PBXGroup section */
		062AA3092DD87E16008BD7A0 = {
			isa = PBXGroup;
			children = (
				062AA3142DD87E16008BD7A0 /* RoutardDemo */,
				062AA3232DD87E18008BD7A0 /* RoutardDemoTests */,
				062AA32D2DD87E18008BD7A0 /* RoutardDemoUITests */,
				062AA3132DD87E16008BD7A0 /* Products */,
			);
			sourceTree = "<group>";
		};
		062AA3132DD87E16008BD7A0 /* Products */ = {
			isa = PBXGroup;
			children = (
				062AA3122DD87E16008BD7A0 /* RoutardDemo.app */,
				062AA3202DD87E18008BD7A0 /* RoutardDemoTests.xctest */,
				062AA32A2DD87E18008BD7A0 /* RoutardDemoUITests.xctest */,
			);
			name = Products;
			sourceTree = "<group>";
		};
/* End PBXGroup section */

/* Begin PBXNativeTarget section */
		062AA3112DD87E16008BD7A0 /* RoutardDemo */ = {
			isa = PBXNativeTarget;
			buildConfigurationList = 062AA3342DD87E18008BD7A0 /* Build configuration list for PBXNativeTarget "RoutardDemo" */;
			buildPhases = (
				062AA30E2DD87E16008BD7A0 /* Sources */,
				062AA30F2DD87E16008BD7A0 /* Frameworks */,
				062AA3102DD87E16008BD7A0 /* Resources */,
			);
			buildRules = (
			);
			dependencies = (
			);
			fileSystemSynchronizedGroups = (
				062AA3142DD87E16008BD7A0 /* RoutardDemo */,
			);
			name = RoutardDemo;
			packageProductDependencies = (
				062AA4082DD88F04008BD7A0 /* Routard */,
				062AA40C2DD88FDF008BD7A0 /* HomeFeature */,
				062AA40F2DD89020008BD7A0 /* DetailsFeature */,
				062AA4122DD89056008BD7A0 /* SettingsFeature */,
				062AA4152DD89079008BD7A0 /* SplashScreenFeature */,
				062AA4182DD890B5008BD7A0 /* TabFeature */,
				062AA41B2DD892D8008BD7A0 /* AppFeature */,
			);
			productName = RoutardDemo;
			productReference = 062AA3122DD87E16008BD7A0 /* RoutardDemo.app */;
			productType = "com.apple.product-type.application";
		};
		062AA31F2DD87E18008BD7A0 /* RoutardDemoTests */ = {
			isa = PBXNativeTarget;
			buildConfigurationList = 062AA3372DD87E18008BD7A0 /* Build configuration list for PBXNativeTarget "RoutardDemoTests" */;
			buildPhases = (
				062AA31C2DD87E18008BD7A0 /* Sources */,
				062AA31D2DD87E18008BD7A0 /* Frameworks */,
				062AA31E2DD87E18008BD7A0 /* Resources */,
			);
			buildRules = (
			);
			dependencies = (
				062AA3222DD87E18008BD7A0 /* PBXTargetDependency */,
			);
			fileSystemSynchronizedGroups = (
				062AA3232DD87E18008BD7A0 /* RoutardDemoTests */,
			);
			name = RoutardDemoTests;
			packageProductDependencies = (
			);
			productName = RoutardDemoTests;
			productReference = 062AA3202DD87E18008BD7A0 /* RoutardDemoTests.xctest */;
			productType = "com.apple.product-type.bundle.unit-test";
		};
		062AA3292DD87E18008BD7A0 /* RoutardDemoUITests */ = {
			isa = PBXNativeTarget;
			buildConfigurationList = 062AA33A2DD87E18008BD7A0 /* Build configuration list for PBXNativeTarget "RoutardDemoUITests" */;
			buildPhases = (
				062AA3262DD87E18008BD7A0 /* Sources */,
				062AA3272DD87E18008BD7A0 /* Frameworks */,
				062AA3282DD87E18008BD7A0 /* Resources */,
			);
			buildRules = (
			);
			dependencies = (
				062AA32C2DD87E18008BD7A0 /* PBXTargetDependency */,
			);
			fileSystemSynchronizedGroups = (
				062AA32D2DD87E18008BD7A0 /* RoutardDemoUITests */,
			);
			name = RoutardDemoUITests;
			packageProductDependencies = (
			);
			productName = RoutardDemoUITests;
			productReference = 062AA32A2DD87E18008BD7A0 /* RoutardDemoUITests.xctest */;
			productType = "com.apple.product-type.bundle.ui-testing";
		};
/* End PBXNativeTarget section */

/* Begin PBXProject section */
		062AA30A2DD87E16008BD7A0 /* Project object */ = {
			isa = PBXProject;
			attributes = {
				BuildIndependentTargetsInParallel = 1;
				LastSwiftUpdateCheck = 1630;
				LastUpgradeCheck = 1630;
				TargetAttributes = {
					062AA3112DD87E16008BD7A0 = {
						CreatedOnToolsVersion = 16.3;
					};
					062AA31F2DD87E18008BD7A0 = {
						CreatedOnToolsVersion = 16.3;
						TestTargetID = 062AA3112DD87E16008BD7A0;
					};
					062AA3292DD87E18008BD7A0 = {
						CreatedOnToolsVersion = 16.3;
						TestTargetID = 062AA3112DD87E16008BD7A0;
					};
				};
			};
			buildConfigurationList = 062AA30D2DD87E16008BD7A0 /* Build configuration list for PBXProject "RoutardDemo" */;
			developmentRegion = en;
			hasScannedForEncodings = 0;
			knownRegions = (
				en,
				Base,
			);
			mainGroup = 062AA3092DD87E16008BD7A0;
			minimizedProjectReferenceProxies = 1;
			packageReferences = (
				062AA41D2DD89477008BD7A0 /* XCLocalSwiftPackageReference "Libraries/Features/AppFeature" */,
			);
			preferredProjectObjectVersion = 77;
			productRefGroup = 062AA3132DD87E16008BD7A0 /* Products */;
			projectDirPath = "";
			projectRoot = "";
			targets = (
				062AA3112DD87E16008BD7A0 /* RoutardDemo */,
				062AA31F2DD87E18008BD7A0 /* RoutardDemoTests */,
				062AA3292DD87E18008BD7A0 /* RoutardDemoUITests */,
			);
		};
/* End PBXProject section */

/* Begin PBXResourcesBuildPhase section */
		062AA3102DD87E16008BD7A0 /* Resources */ = {
			isa = PBXResourcesBuildPhase;
			buildActionMask = 2147483647;
			files = (
			);
			runOnlyForDeploymentPostprocessing = 0;
		};
		062AA31E2DD87E18008BD7A0 /* Resources */ = {
			isa = PBXResourcesBuildPhase;
			buildActionMask = 2147483647;
			files = (
			);
			runOnlyForDeploymentPostprocessing = 0;
		};
		062AA3282DD87E18008BD7A0 /* Resources */ = {
			isa = PBXResourcesBuildPhase;
			buildActionMask = 2147483647;
			files = (
			);
			runOnlyForDeploymentPostprocessing = 0;
		};
/* End PBXResourcesBuildPhase section */

/* Begin PBXSourcesBuildPhase section */
		062AA30E2DD87E16008BD7A0 /* Sources */ = {
			isa = PBXSourcesBuildPhase;
			buildActionMask = 2147483647;
			files = (
			);
			runOnlyForDeploymentPostprocessing = 0;
		};
		062AA31C2DD87E18008BD7A0 /* Sources */ = {
			isa = PBXSourcesBuildPhase;
			buildActionMask = 2147483647;
			files = (
			);
			runOnlyForDeploymentPostprocessing = 0;
		};
		062AA3262DD87E18008BD7A0 /* Sources */ = {
			isa = PBXSourcesBuildPhase;
			buildActionMask = 2147483647;
			files = (
			);
			runOnlyForDeploymentPostprocessing = 0;
		};
/* End PBXSourcesBuildPhase section */

/* Begin PBXTargetDependency section */
		062AA3222DD87E18008BD7A0 /* PBXTargetDependency */ = {
			isa = PBXTargetDependency;
			target = 062AA3112DD87E16008BD7A0 /* RoutardDemo */;
			targetProxy = 062AA3212DD87E18008BD7A0 /* PBXContainerItemProxy */;
		};
		062AA32C2DD87E18008BD7A0 /* PBXTargetDependency */ = {
			isa = PBXTargetDependency;
			target = 062AA3112DD87E16008BD7A0 /* RoutardDemo */;
			targetProxy = 062AA32B2DD87E18008BD7A0 /* PBXContainerItemProxy */;
		};
/* End PBXTargetDependency section */

/* Begin XCBuildConfiguration section */
		062AA3322DD87E18008BD7A0 /* Debug */ = {
			isa = XCBuildConfiguration;
			buildSettings = {
				ALWAYS_SEARCH_USER_PATHS = NO;
				ASSETCATALOG_COMPILER_GENERATE_SWIFT_ASSET_SYMBOL_EXTENSIONS = YES;
				CLANG_ANALYZER_NONNULL = YES;
				CLANG_ANALYZER_NUMBER_OBJECT_CONVERSION = YES_AGGRESSIVE;
				CLANG_CXX_LANGUAGE_STANDARD = "gnu++20";
				CLANG_ENABLE_MODULES = YES;
				CLANG_ENABLE_OBJC_ARC = YES;
				CLANG_ENABLE_OBJC_WEAK = YES;
				CLANG_WARN_BLOCK_CAPTURE_AUTORELEASING = YES;
				CLANG_WARN_BOOL_CONVERSION = YES;
				CLANG_WARN_COMMA = YES;
				CLANG_WARN_CONSTANT_CONVERSION = YES;
				CLANG_WARN_DEPRECATED_OBJC_IMPLEMENTATIONS = YES;
				CLANG_WARN_DIRECT_OBJC_ISA_USAGE = YES_ERROR;
				CLANG_WARN_DOCUMENTATION_COMMENTS = YES;
				CLANG_WARN_EMPTY_BODY = YES;
				CLANG_WARN_ENUM_CONVERSION = YES;
				CLANG_WARN_INFINITE_RECURSION = YES;
				CLANG_WARN_INT_CONVERSION = YES;
				CLANG_WARN_NON_LITERAL_NULL_CONVERSION = YES;
				CLANG_WARN_OBJC_IMPLICIT_RETAIN_SELF = YES;
				CLANG_WARN_OBJC_LITERAL_CONVERSION = YES;
				CLANG_WARN_OBJC_ROOT_CLASS = YES_ERROR;
				CLANG_WARN_QUOTED_INCLUDE_IN_FRAMEWORK_HEADER = YES;
				CLANG_WARN_RANGE_LOOP_ANALYSIS = YES;
				CLANG_WARN_STRICT_PROTOTYPES = YES;
				CLANG_WARN_SUSPICIOUS_MOVE = YES;
				CLANG_WARN_UNGUARDED_AVAILABILITY = YES_AGGRESSIVE;
				CLANG_WARN_UNREACHABLE_CODE = YES;
				CLANG_WARN__DUPLICATE_METHOD_MATCH = YES;
				COPY_PHASE_STRIP = NO;
				DEBUG_INFORMATION_FORMAT = dwarf;
				DEVELOPMENT_TEAM = 7J8GPSDG34;
				ENABLE_STRICT_OBJC_MSGSEND = YES;
				ENABLE_TESTABILITY = YES;
				ENABLE_USER_SCRIPT_SANDBOXING = YES;
				GCC_C_LANGUAGE_STANDARD = gnu17;
				GCC_DYNAMIC_NO_PIC = NO;
				GCC_NO_COMMON_BLOCKS = YES;
				GCC_OPTIMIZATION_LEVEL = 0;
				GCC_PREPROCESSOR_DEFINITIONS = (
					"DEBUG=1",
					"$(inherited)",
				);
				GCC_WARN_64_TO_32_BIT_CONVERSION = YES;
				GCC_WARN_ABOUT_RETURN_TYPE = YES_ERROR;
				GCC_WARN_UNDECLARED_SELECTOR = YES;
				GCC_WARN_UNINITIALIZED_AUTOS = YES_AGGRESSIVE;
				GCC_WARN_UNUSED_FUNCTION = YES;
				GCC_WARN_UNUSED_VARIABLE = YES;
				LOCALIZATION_PREFERS_STRING_CATALOGS = YES;
				MTL_ENABLE_DEBUG_INFO = INCLUDE_SOURCE;
				MTL_FAST_MATH = YES;
				ONLY_ACTIVE_ARCH = YES;
				SWIFT_ACTIVE_COMPILATION_CONDITIONS = "DEBUG $(inherited)";
				SWIFT_OPTIMIZATION_LEVEL = "-Onone";
			};
			name = Debug;
		};
		062AA3332DD87E18008BD7A0 /* Release */ = {
			isa = XCBuildConfiguration;
			buildSettings = {
				ALWAYS_SEARCH_USER_PATHS = NO;
				ASSETCATALOG_COMPILER_GENERATE_SWIFT_ASSET_SYMBOL_EXTENSIONS = YES;
				CLANG_ANALYZER_NONNULL = YES;
				CLANG_ANALYZER_NUMBER_OBJECT_CONVERSION = YES_AGGRESSIVE;
				CLANG_CXX_LANGUAGE_STANDARD = "gnu++20";
				CLANG_ENABLE_MODULES = YES;
				CLANG_ENABLE_OBJC_ARC = YES;
				CLANG_ENABLE_OBJC_WEAK = YES;
				CLANG_WARN_BLOCK_CAPTURE_AUTORELEASING = YES;
				CLANG_WARN_BOOL_CONVERSION = YES;
				CLANG_WARN_COMMA = YES;
				CLANG_WARN_CONSTANT_CONVERSION = YES;
				CLANG_WARN_DEPRECATED_OBJC_IMPLEMENTATIONS = YES;
				CLANG_WARN_DIRECT_OBJC_ISA_USAGE = YES_ERROR;
				CLANG_WARN_DOCUMENTATION_COMMENTS = YES;
				CLANG_WARN_EMPTY_BODY = YES;
				CLANG_WARN_ENUM_CONVERSION = YES;
				CLANG_WARN_INFINITE_RECURSION = YES;
				CLANG_WARN_INT_CONVERSION = YES;
				CLANG_WARN_NON_LITERAL_NULL_CONVERSION = YES;
				CLANG_WARN_OBJC_IMPLICIT_RETAIN_SELF = YES;
				CLANG_WARN_OBJC_LITERAL_CONVERSION = YES;
				CLANG_WARN_OBJC_ROOT_CLASS = YES_ERROR;
				CLANG_WARN_QUOTED_INCLUDE_IN_FRAMEWORK_HEADER = YES;
				CLANG_WARN_RANGE_LOOP_ANALYSIS = YES;
				CLANG_WARN_STRICT_PROTOTYPES = YES;
				CLANG_WARN_SUSPICIOUS_MOVE = YES;
				CLANG_WARN_UNGUARDED_AVAILABILITY = YES_AGGRESSIVE;
				CLANG_WARN_UNREACHABLE_CODE = YES;
				CLANG_WARN__DUPLICATE_METHOD_MATCH = YES;
				COPY_PHASE_STRIP = NO;
				DEBUG_INFORMATION_FORMAT = "dwarf-with-dsym";
				DEVELOPMENT_TEAM = 7J8GPSDG34;
				ENABLE_NS_ASSERTIONS = NO;
				ENABLE_STRICT_OBJC_MSGSEND = YES;
				ENABLE_USER_SCRIPT_SANDBOXING = YES;
				GCC_C_LANGUAGE_STANDARD = gnu17;
				GCC_NO_COMMON_BLOCKS = YES;
				GCC_WARN_64_TO_32_BIT_CONVERSION = YES;
				GCC_WARN_ABOUT_RETURN_TYPE = YES_ERROR;
				GCC_WARN_UNDECLARED_SELECTOR = YES;
				GCC_WARN_UNINITIALIZED_AUTOS = YES_AGGRESSIVE;
				GCC_WARN_UNUSED_FUNCTION = YES;
				GCC_WARN_UNUSED_VARIABLE = YES;
				LOCALIZATION_PREFERS_STRING_CATALOGS = YES;
				MTL_ENABLE_DEBUG_INFO = NO;
				MTL_FAST_MATH = YES;
				SWIFT_COMPILATION_MODE = wholemodule;
			};
			name = Release;
		};
		062AA3352DD87E18008BD7A0 /* Debug */ = {
			isa = XCBuildConfiguration;
			buildSettings = {
				ASSETCATALOG_COMPILER_APPICON_NAME = AppIcon;
				ASSETCATALOG_COMPILER_GLOBAL_ACCENT_COLOR_NAME = AccentColor;
				CODE_SIGN_ENTITLEMENTS = RoutardDemo/RoutardDemo.entitlements;
				CODE_SIGN_STYLE = Automatic;
				CURRENT_PROJECT_VERSION = 1;
				DEVELOPMENT_TEAM = 7J8GPSDG34;
				ENABLE_HARDENED_RUNTIME = YES;
				ENABLE_PREVIEWS = YES;
				GENERATE_INFOPLIST_FILE = YES;
				"INFOPLIST_KEY_UIApplicationSceneManifest_Generation[sdk=iphoneos*]" = YES;
				"INFOPLIST_KEY_UIApplicationSceneManifest_Generation[sdk=iphonesimulator*]" = YES;
				"INFOPLIST_KEY_UIApplicationSupportsIndirectInputEvents[sdk=iphoneos*]" = YES;
				"INFOPLIST_KEY_UIApplicationSupportsIndirectInputEvents[sdk=iphonesimulator*]" = YES;
				"INFOPLIST_KEY_UILaunchScreen_Generation[sdk=iphoneos*]" = YES;
				"INFOPLIST_KEY_UILaunchScreen_Generation[sdk=iphonesimulator*]" = YES;
				"INFOPLIST_KEY_UIStatusBarStyle[sdk=iphoneos*]" = UIStatusBarStyleDefault;
				"INFOPLIST_KEY_UIStatusBarStyle[sdk=iphonesimulator*]" = UIStatusBarStyleDefault;
				INFOPLIST_KEY_UISupportedInterfaceOrientations_iPad = "UIInterfaceOrientationPortrait UIInterfaceOrientationPortraitUpsideDown UIInterfaceOrientationLandscapeLeft UIInterfaceOrientationLandscapeRight";
				INFOPLIST_KEY_UISupportedInterfaceOrientations_iPhone = "UIInterfaceOrientationPortrait UIInterfaceOrientationLandscapeLeft UIInterfaceOrientationLandscapeRight";
				IPHONEOS_DEPLOYMENT_TARGET = 18.4;
				LD_RUNPATH_SEARCH_PATHS = "@executable_path/Frameworks";
				"LD_RUNPATH_SEARCH_PATHS[sdk=macosx*]" = "@executable_path/../Frameworks";
				MACOSX_DEPLOYMENT_TARGET = 15.2;
				MARKETING_VERSION = 1.0;
				PRODUCT_BUNDLE_IDENTIFIER = com.leomarcotte.RoutardDemo;
				PRODUCT_NAME = "$(TARGET_NAME)";
				REGISTER_APP_GROUPS = YES;
				SDKROOT = auto;
				SUPPORTED_PLATFORMS = "iphoneos iphonesimulator macosx xros xrsimulator";
				SWIFT_EMIT_LOC_STRINGS = YES;
				SWIFT_VERSION = 5.0;
				TARGETED_DEVICE_FAMILY = "1,2,7";
				XROS_DEPLOYMENT_TARGET = 2.4;
			};
			name = Debug;
		};
		062AA3362DD87E18008BD7A0 /* Release */ = {
			isa = XCBuildConfiguration;
			buildSettings = {
				ASSETCATALOG_COMPILER_APPICON_NAME = AppIcon;
				ASSETCATALOG_COMPILER_GLOBAL_ACCENT_COLOR_NAME = AccentColor;
				CODE_SIGN_ENTITLEMENTS = RoutardDemo/RoutardDemo.entitlements;
				CODE_SIGN_STYLE = Automatic;
				CURRENT_PROJECT_VERSION = 1;
				DEVELOPMENT_TEAM = 7J8GPSDG34;
				ENABLE_HARDENED_RUNTIME = YES;
				ENABLE_PREVIEWS = YES;
				GENERATE_INFOPLIST_FILE = YES;
				"INFOPLIST_KEY_UIApplicationSceneManifest_Generation[sdk=iphoneos*]" = YES;
				"INFOPLIST_KEY_UIApplicationSceneManifest_Generation[sdk=iphonesimulator*]" = YES;
				"INFOPLIST_KEY_UIApplicationSupportsIndirectInputEvents[sdk=iphoneos*]" = YES;
				"INFOPLIST_KEY_UIApplicationSupportsIndirectInputEvents[sdk=iphonesimulator*]" = YES;
				"INFOPLIST_KEY_UILaunchScreen_Generation[sdk=iphoneos*]" = YES;
				"INFOPLIST_KEY_UILaunchScreen_Generation[sdk=iphonesimulator*]" = YES;
				"INFOPLIST_KEY_UIStatusBarStyle[sdk=iphoneos*]" = UIStatusBarStyleDefault;
				"INFOPLIST_KEY_UIStatusBarStyle[sdk=iphonesimulator*]" = UIStatusBarStyleDefault;
				INFOPLIST_KEY_UISupportedInterfaceOrientations_iPad = "UIInterfaceOrientationPortrait UIInterfaceOrientationPortraitUpsideDown UIInterfaceOrientationLandscapeLeft UIInterfaceOrientationLandscapeRight";
				INFOPLIST_KEY_UISupportedInterfaceOrientations_iPhone = "UIInterfaceOrientationPortrait UIInterfaceOrientationLandscapeLeft UIInterfaceOrientationLandscapeRight";
				IPHONEOS_DEPLOYMENT_TARGET = 18.4;
				LD_RUNPATH_SEARCH_PATHS = "@executable_path/Frameworks";
				"LD_RUNPATH_SEARCH_PATHS[sdk=macosx*]" = "@executable_path/../Frameworks";
				MACOSX_DEPLOYMENT_TARGET = 15.2;
				MARKETING_VERSION = 1.0;
				PRODUCT_BUNDLE_IDENTIFIER = com.leomarcotte.RoutardDemo;
				PRODUCT_NAME = "$(TARGET_NAME)";
				REGISTER_APP_GROUPS = YES;
				SDKROOT = auto;
				SUPPORTED_PLATFORMS = "iphoneos iphonesimulator macosx xros xrsimulator";
				SWIFT_EMIT_LOC_STRINGS = YES;
				SWIFT_VERSION = 5.0;
				TARGETED_DEVICE_FAMILY = "1,2,7";
				XROS_DEPLOYMENT_TARGET = 2.4;
			};
			name = Release;
		};
		062AA3382DD87E18008BD7A0 /* Debug */ = {
			isa = XCBuildConfiguration;
			buildSettings = {
				BUNDLE_LOADER = "$(TEST_HOST)";
				CODE_SIGN_STYLE = Automatic;
				CURRENT_PROJECT_VERSION = 1;
				DEVELOPMENT_TEAM = 7J8GPSDG34;
				GENERATE_INFOPLIST_FILE = YES;
				IPHONEOS_DEPLOYMENT_TARGET = 18.4;
				MACOSX_DEPLOYMENT_TARGET = 15.2;
				MARKETING_VERSION = 1.0;
				PRODUCT_BUNDLE_IDENTIFIER = com.leomarcotte.RoutardDemoTests;
				PRODUCT_NAME = "$(TARGET_NAME)";
				SDKROOT = auto;
				SUPPORTED_PLATFORMS = "iphoneos iphonesimulator macosx xros xrsimulator";
				SWIFT_EMIT_LOC_STRINGS = NO;
				SWIFT_VERSION = 5.0;
				TARGETED_DEVICE_FAMILY = "1,2,7";
				TEST_HOST = "$(BUILT_PRODUCTS_DIR)/RoutardDemo.app/$(BUNDLE_EXECUTABLE_FOLDER_PATH)/RoutardDemo";
				XROS_DEPLOYMENT_TARGET = 2.4;
			};
			name = Debug;
		};
		062AA3392DD87E18008BD7A0 /* Release */ = {
			isa = XCBuildConfiguration;
			buildSettings = {
				BUNDLE_LOADER = "$(TEST_HOST)";
				CODE_SIGN_STYLE = Automatic;
				CURRENT_PROJECT_VERSION = 1;
				DEVELOPMENT_TEAM = 7J8GPSDG34;
				GENERATE_INFOPLIST_FILE = YES;
				IPHONEOS_DEPLOYMENT_TARGET = 18.4;
				MACOSX_DEPLOYMENT_TARGET = 15.2;
				MARKETING_VERSION = 1.0;
				PRODUCT_BUNDLE_IDENTIFIER = com.leomarcotte.RoutardDemoTests;
				PRODUCT_NAME = "$(TARGET_NAME)";
				SDKROOT = auto;
				SUPPORTED_PLATFORMS = "iphoneos iphonesimulator macosx xros xrsimulator";
				SWIFT_EMIT_LOC_STRINGS = NO;
				SWIFT_VERSION = 5.0;
				TARGETED_DEVICE_FAMILY = "1,2,7";
				TEST_HOST = "$(BUILT_PRODUCTS_DIR)/RoutardDemo.app/$(BUNDLE_EXECUTABLE_FOLDER_PATH)/RoutardDemo";
				XROS_DEPLOYMENT_TARGET = 2.4;
			};
			name = Release;
		};
		062AA33B2DD87E18008BD7A0 /* Debug */ = {
			isa = XCBuildConfiguration;
			buildSettings = {
				CODE_SIGN_STYLE = Automatic;
				CURRENT_PROJECT_VERSION = 1;
				DEVELOPMENT_TEAM = 7J8GPSDG34;
				GENERATE_INFOPLIST_FILE = YES;
				IPHONEOS_DEPLOYMENT_TARGET = 18.4;
				MACOSX_DEPLOYMENT_TARGET = 15.2;
				MARKETING_VERSION = 1.0;
				PRODUCT_BUNDLE_IDENTIFIER = com.leomarcotte.RoutardDemoUITests;
				PRODUCT_NAME = "$(TARGET_NAME)";
				SDKROOT = auto;
				SUPPORTED_PLATFORMS = "iphoneos iphonesimulator macosx xros xrsimulator";
				SWIFT_EMIT_LOC_STRINGS = NO;
				SWIFT_VERSION = 5.0;
				TARGETED_DEVICE_FAMILY = "1,2,7";
				TEST_TARGET_NAME = RoutardDemo;
				XROS_DEPLOYMENT_TARGET = 2.4;
			};
			name = Debug;
		};
		062AA33C2DD87E18008BD7A0 /* Release */ = {
			isa = XCBuildConfiguration;
			buildSettings = {
				CODE_SIGN_STYLE = Automatic;
				CURRENT_PROJECT_VERSION = 1;
				DEVELOPMENT_TEAM = 7J8GPSDG34;
				GENERATE_INFOPLIST_FILE = YES;
				IPHONEOS_DEPLOYMENT_TARGET = 18.4;
				MACOSX_DEPLOYMENT_TARGET = 15.2;
				MARKETING_VERSION = 1.0;
				PRODUCT_BUNDLE_IDENTIFIER = com.leomarcotte.RoutardDemoUITests;
				PRODUCT_NAME = "$(TARGET_NAME)";
				SDKROOT = auto;
				SUPPORTED_PLATFORMS = "iphoneos iphonesimulator macosx xros xrsimulator";
				SWIFT_EMIT_LOC_STRINGS = NO;
				SWIFT_VERSION = 5.0;
				TARGETED_DEVICE_FAMILY = "1,2,7";
				TEST_TARGET_NAME = RoutardDemo;
				XROS_DEPLOYMENT_TARGET = 2.4;
			};
			name = Release;
		};
/* End XCBuildConfiguration section */

/* Begin XCConfigurationList section */
		062AA30D2DD87E16008BD7A0 /* Build configuration list for PBXProject "RoutardDemo" */ = {
			isa = XCConfigurationList;
			buildConfigurations = (
				062AA3322DD87E18008BD7A0 /* Debug */,
				062AA3332DD87E18008BD7A0 /* Release */,
			);
			defaultConfigurationIsVisible = 0;
			defaultConfigurationName = Release;
		};
		062AA3342DD87E18008BD7A0 /* Build configuration list for PBXNativeTarget "RoutardDemo" */ = {
			isa = XCConfigurationList;
			buildConfigurations = (
				062AA3352DD87E18008BD7A0 /* Debug */,
				062AA3362DD87E18008BD7A0 /* Release */,
			);
			defaultConfigurationIsVisible = 0;
			defaultConfigurationName = Release;
		};
		062AA3372DD87E18008BD7A0 /* Build configuration list for PBXNativeTarget "RoutardDemoTests" */ = {
			isa = XCConfigurationList;
			buildConfigurations = (
				062AA3382DD87E18008BD7A0 /* Debug */,
				062AA3392DD87E18008BD7A0 /* Release */,
			);
			defaultConfigurationIsVisible = 0;
			defaultConfigurationName = Release;
		};
		062AA33A2DD87E18008BD7A0 /* Build configuration list for PBXNativeTarget "RoutardDemoUITests" */ = {
			isa = XCConfigurationList;
			buildConfigurations = (
				062AA33B2DD87E18008BD7A0 /* Debug */,
				062AA33C2DD87E18008BD7A0 /* Release */,
			);
			defaultConfigurationIsVisible = 0;
			defaultConfigurationName = Release;
		};
/* End XCConfigurationList section */

/* Begin XCLocalSwiftPackageReference section */
		062AA41D2DD89477008BD7A0 /* XCLocalSwiftPackageReference "Libraries/Features/AppFeature" */ = {
			isa = XCLocalSwiftPackageReference;
			relativePath = Libraries/Features/AppFeature;
		};
/* End XCLocalSwiftPackageReference section */

/* Begin XCSwiftPackageProductDependency section */
		062AA4082DD88F04008BD7A0 /* Routard */ = {
			isa = XCSwiftPackageProductDependency;
			productName = Routard;
		};
		062AA40C2DD88FDF008BD7A0 /* HomeFeature */ = {
			isa = XCSwiftPackageProductDependency;
			productName = HomeFeature;
		};
		062AA40F2DD89020008BD7A0 /* DetailsFeature */ = {
			isa = XCSwiftPackageProductDependency;
			productName = DetailsFeature;
		};
		062AA4122DD89056008BD7A0 /* SettingsFeature */ = {
			isa = XCSwiftPackageProductDependency;
			productName = SettingsFeature;
		};
		062AA4152DD89079008BD7A0 /* SplashScreenFeature */ = {
			isa = XCSwiftPackageProductDependency;
			productName = SplashScreenFeature;
		};
		062AA4182DD890B5008BD7A0 /* TabFeature */ = {
			isa = XCSwiftPackageProductDependency;
			productName = TabFeature;
		};
		062AA41B2DD892D8008BD7A0 /* AppFeature */ = {
			isa = XCSwiftPackageProductDependency;
			productName = AppFeature;
		};
/* End XCSwiftPackageProductDependency section */
	};
	rootObject = 062AA30A2DD87E16008BD7A0 /* Project object */;
}
